// !$*UTF8*$!
{
	archiveVersion = 1;
	classes = {
	};
	objectVersion = 46;
	objects = {

/* Begin PBXBuildFile section */
		273FCDB41C5221EA00CE2E60 /* DraggableShapeView.m in Sources */ = {isa = PBXBuildFile; fileRef = 273FCDB31C5221EA00CE2E60 /* DraggableShapeView.m */; };
		273FCDBF1C527C7200CE2E60 /* GameplayKit.framework in Frameworks */ = {isa = PBXBuildFile; fileRef = 273FCDBE1C527C7200CE2E60 /* GameplayKit.framework */; };
		2760BC4D1C51134A00B1DBDE /* main.m in Sources */ = {isa = PBXBuildFile; fileRef = 2760BC4C1C51134A00B1DBDE /* main.m */; };
		2760BC501C51134A00B1DBDE /* AppDelegate.m in Sources */ = {isa = PBXBuildFile; fileRef = 2760BC4F1C51134A00B1DBDE /* AppDelegate.m */; };
		2760BC531C51134A00B1DBDE /* ViewController.m in Sources */ = {isa = PBXBuildFile; fileRef = 2760BC521C51134A00B1DBDE /* ViewController.m */; };
		2760BC561C51134A00B1DBDE /* Main.storyboard in Resources */ = {isa = PBXBuildFile; fileRef = 2760BC541C51134A00B1DBDE /* Main.storyboard */; };
		2760BC581C51134A00B1DBDE /* Assets.xcassets in Resources */ = {isa = PBXBuildFile; fileRef = 2760BC571C51134A00B1DBDE /* Assets.xcassets */; };
		2760BC5B1C51134A00B1DBDE /* LaunchScreen.storyboard in Resources */ = {isa = PBXBuildFile; fileRef = 2760BC591C51134A00B1DBDE /* LaunchScreen.storyboard */; };
		2760BC641C511DFE00B1DBDE /* ShapeView.m in Sources */ = {isa = PBXBuildFile; fileRef = 2760BC631C511DFE00B1DBDE /* ShapeView.m */; };
		278AB50A1C61F5A400A8421D /* match.mp3 in Resources */ = {isa = PBXBuildFile; fileRef = 278AB5081C61F5A400A8421D /* match.mp3 */; };
		278AB50B1C61F5A400A8421D /* well_done.mp3 in Resources */ = {isa = PBXBuildFile; fileRef = 278AB5091C61F5A400A8421D /* well_done.mp3 */; };
		27CA2B651C621432006DD40C /* ShapeViewDrawingAdditions.m in Sources */ = {isa = PBXBuildFile; fileRef = 27CA2B641C621432006DD40C /* ShapeViewDrawingAdditions.m */; };
/* End PBXBuildFile section */

/* Begin PBXFileReference section */
		273FCDB21C5221EA00CE2E60 /* DraggableShapeView.h */ = {isa = PBXFileReference; fileEncoding = 4; lastKnownFileType = sourcecode.c.h; path = DraggableShapeView.h; sourceTree = "<group>"; };
		273FCDB31C5221EA00CE2E60 /* DraggableShapeView.m */ = {isa = PBXFileReference; fileEncoding = 4; lastKnownFileType = sourcecode.c.objc; path = DraggableShapeView.m; sourceTree = "<group>"; };
		273FCDBE1C527C7200CE2E60 /* GameplayKit.framework */ = {isa = PBXFileReference; lastKnownFileType = wrapper.framework; name = GameplayKit.framework; path = System/Library/Frameworks/GameplayKit.framework; sourceTree = SDKROOT; };
		2760BC481C51134A00B1DBDE /* ShapeGame.app */ = {isa = PBXFileReference; explicitFileType = wrapper.application; includeInIndex = 0; path = ShapeGame.app; sourceTree = BUILT_PRODUCTS_DIR; };
		2760BC4C1C51134A00B1DBDE /* main.m */ = {isa = PBXFileReference; lastKnownFileType = sourcecode.c.objc; path = main.m; sourceTree = "<group>"; };
		2760BC4E1C51134A00B1DBDE /* AppDelegate.h */ = {isa = PBXFileReference; lastKnownFileType = sourcecode.c.h; path = AppDelegate.h; sourceTree = "<group>"; };
		2760BC4F1C51134A00B1DBDE /* AppDelegate.m */ = {isa = PBXFileReference; lastKnownFileType = sourcecode.c.objc; path = AppDelegate.m; sourceTree = "<group>"; };
		2760BC511C51134A00B1DBDE /* ViewController.h */ = {isa = PBXFileReference; lastKnownFileType = sourcecode.c.h; path = ViewController.h; sourceTree = "<group>"; };
		2760BC521C51134A00B1DBDE /* ViewController.m */ = {isa = PBXFileReference; lastKnownFileType = sourcecode.c.objc; path = ViewController.m; sourceTree = "<group>"; };
		2760BC551C51134A00B1DBDE /* Base */ = {isa = PBXFileReference; lastKnownFileType = file.storyboard; name = Base; path = Base.lproj/Main.storyboard; sourceTree = "<group>"; };
		2760BC571C51134A00B1DBDE /* Assets.xcassets */ = {isa = PBXFileReference; lastKnownFileType = folder.assetcatalog; path = Assets.xcassets; sourceTree = "<group>"; };
		2760BC5A1C51134A00B1DBDE /* Base */ = {isa = PBXFileReference; lastKnownFileType = file.storyboard; name = Base; path = Base.lproj/LaunchScreen.storyboard; sourceTree = "<group>"; };
		2760BC5C1C51134A00B1DBDE /* Info.plist */ = {isa = PBXFileReference; lastKnownFileType = text.plist.xml; path = Info.plist; sourceTree = "<group>"; };
		2760BC621C511DFE00B1DBDE /* ShapeView.h */ = {isa = PBXFileReference; fileEncoding = 4; lastKnownFileType = sourcecode.c.h; path = ShapeView.h; sourceTree = "<group>"; };
		2760BC631C511DFE00B1DBDE /* ShapeView.m */ = {isa = PBXFileReference; fileEncoding = 4; lastKnownFileType = sourcecode.c.objc; path = ShapeView.m; sourceTree = "<group>"; };
		278AB5081C61F5A400A8421D /* match.mp3 */ = {isa = PBXFileReference; lastKnownFileType = audio.mp3; path = match.mp3; sourceTree = "<group>"; };
		278AB5091C61F5A400A8421D /* well_done.mp3 */ = {isa = PBXFileReference; lastKnownFileType = audio.mp3; path = well_done.mp3; sourceTree = "<group>"; };
		27CA2B631C621432006DD40C /* ShapeViewDrawingAdditions.h */ = {isa = PBXFileReference; fileEncoding = 4; lastKnownFileType = sourcecode.c.h; path = ShapeViewDrawingAdditions.h; sourceTree = "<group>"; };
		27CA2B641C621432006DD40C /* ShapeViewDrawingAdditions.m */ = {isa = PBXFileReference; fileEncoding = 4; lastKnownFileType = sourcecode.c.objc; path = ShapeViewDrawingAdditions.m; sourceTree = "<group>"; };
/* End PBXFileReference section */

/* Begin PBXFrameworksBuildPhase section */
		2760BC451C51134A00B1DBDE /* Frameworks */ = {
			isa = PBXFrameworksBuildPhase;
			buildActionMask = 2147483647;
			files = (
				273FCDBF1C527C7200CE2E60 /* GameplayKit.framework in Frameworks */,
			);
			runOnlyForDeploymentPostprocessing = 0;
		};
/* End PBXFrameworksBuildPhase section */

/* Begin PBXGroup section */
		2760BC3F1C51134A00B1DBDE = {
			isa = PBXGroup;
			children = (
				2760BC4A1C51134A00B1DBDE /* ShapeGame */,
				2760BC491C51134A00B1DBDE /* Products */,
			);
			sourceTree = "<group>";
		};
		2760BC491C51134A00B1DBDE /* Products */ = {
			isa = PBXGroup;
			children = (
				2760BC481C51134A00B1DBDE /* ShapeGame.app */,
			);
			name = Products;
			sourceTree = "<group>";
		};
		2760BC4A1C51134A00B1DBDE /* ShapeGame */ = {
			isa = PBXGroup;
			children = (
				2760BC4E1C51134A00B1DBDE /* AppDelegate.h */,
				2760BC4F1C51134A00B1DBDE /* AppDelegate.m */,
				2760BC511C51134A00B1DBDE /* ViewController.h */,
				2760BC521C51134A00B1DBDE /* ViewController.m */,
				2760BC621C511DFE00B1DBDE /* ShapeView.h */,
				2760BC631C511DFE00B1DBDE /* ShapeView.m */,
				27CA2B631C621432006DD40C /* ShapeViewDrawingAdditions.h */,
				27CA2B641C621432006DD40C /* ShapeViewDrawingAdditions.m */,
				273FCDB21C5221EA00CE2E60 /* DraggableShapeView.h */,
				273FCDB31C5221EA00CE2E60 /* DraggableShapeView.m */,
				2760BC541C51134A00B1DBDE /* Main.storyboard */,
				2760BC571C51134A00B1DBDE /* Assets.xcassets */,
				2760BC591C51134A00B1DBDE /* LaunchScreen.storyboard */,
				2760BC5C1C51134A00B1DBDE /* Info.plist */,
				278AB5081C61F5A400A8421D /* match.mp3 */,
				278AB5091C61F5A400A8421D /* well_done.mp3 */,
				2760BC4B1C51134A00B1DBDE /* Supporting Files */,
			);
			path = ShapeGame;
			sourceTree = "<group>";
		};
		2760BC4B1C51134A00B1DBDE /* Supporting Files */ = {
			isa = PBXGroup;
			children = (
				273FCDBE1C527C7200CE2E60 /* GameplayKit.framework */,
				2760BC4C1C51134A00B1DBDE /* main.m */,
			);
			name = "Supporting Files";
			sourceTree = "<group>";
		};
/* End PBXGroup section */

/* Begin PBXNativeTarget section */
		2760BC471C51134A00B1DBDE /* ShapeGame */ = {
			isa = PBXNativeTarget;
			buildConfigurationList = 2760BC5F1C51134A00B1DBDE /* Build configuration list for PBXNativeTarget "ShapeGame" */;
			buildPhases = (
				2760BC441C51134A00B1DBDE /* Sources */,
				2760BC451C51134A00B1DBDE /* Frameworks */,
				2760BC461C51134A00B1DBDE /* Resources */,
			);
			buildRules = (
			);
			dependencies = (
			);
			name = ShapeGame;
			productName = ShapeGame;
			productReference = 2760BC481C51134A00B1DBDE /* ShapeGame.app */;
			productType = "com.apple.product-type.application";
		};
/* End PBXNativeTarget section */

/* Begin PBXProject section */
		2760BC401C51134A00B1DBDE /* Project object */ = {
			isa = PBXProject;
			attributes = {
				LastUpgradeCheck = 0720;
				ORGANIZATIONNAME = "Anca Julean";
				TargetAttributes = {
					2760BC471C51134A00B1DBDE = {
						CreatedOnToolsVersion = 7.2;
						DevelopmentTeam = SZGLEM24Z8;
					};
				};
			};
			buildConfigurationList = 2760BC431C51134A00B1DBDE /* Build configuration list for PBXProject "ShapeGame" */;
			compatibilityVersion = "Xcode 3.2";
			developmentRegion = English;
			hasScannedForEncodings = 0;
			knownRegions = (
				en,
				Base,
			);
			mainGroup = 2760BC3F1C51134A00B1DBDE;
			productRefGroup = 2760BC491C51134A00B1DBDE /* Products */;
			projectDirPath = "";
			projectRoot = "";
			targets = (
				2760BC471C51134A00B1DBDE /* ShapeGame */,
			);
		};
/* End PBXProject section */

/* Begin PBXResourcesBuildPhase section */
		2760BC461C51134A00B1DBDE /* Resources */ = {
			isa = PBXResourcesBuildPhase;
			buildActionMask = 2147483647;
			files = (
				278AB50A1C61F5A400A8421D /* match.mp3 in Resources */,
				2760BC5B1C51134A00B1DBDE /* LaunchScreen.storyboard in Resources */,
				2760BC581C51134A00B1DBDE /* Assets.xcassets in Resources */,
				278AB50B1C61F5A400A8421D /* well_done.mp3 in Resources */,
				2760BC561C51134A00B1DBDE /* Main.storyboard in Resources */,
			);
			runOnlyForDeploymentPostprocessing = 0;
		};
/* End PBXResourcesBuildPhase section */

/* Begin PBXSourcesBuildPhase section */
		2760BC441C51134A00B1DBDE /* Sources */ = {
			isa = PBXSourcesBuildPhase;
			buildActionMask = 2147483647;
			files = (
				2760BC531C51134A00B1DBDE /* ViewController.m in Sources */,
				273FCDB41C5221EA00CE2E60 /* DraggableShapeView.m in Sources */,
				2760BC501C51134A00B1DBDE /* AppDelegate.m in Sources */,
				27CA2B651C621432006DD40C /* ShapeViewDrawingAdditions.m in Sources */,
				2760BC641C511DFE00B1DBDE /* ShapeView.m in Sources */,
				2760BC4D1C51134A00B1DBDE /* main.m in Sources */,
			);
			runOnlyForDeploymentPostprocessing = 0;
		};
/* End PBXSourcesBuildPhase section */

/* Begin PBXVariantGroup section */
		2760BC541C51134A00B1DBDE /* Main.storyboard */ = {
			isa = PBXVariantGroup;
			children = (
				2760BC551C51134A00B1DBDE /* Base */,
			);
			name = Main.storyboard;
			sourceTree = "<group>";
		};
		2760BC591C51134A00B1DBDE /* LaunchScreen.storyboard */ = {
			isa = PBXVariantGroup;
			children = (
				2760BC5A1C51134A00B1DBDE /* Base */,
			);
			name = LaunchScreen.storyboard;
			sourceTree = "<group>";
		};
/* End PBXVariantGroup section */

/* Begin XCBuildConfiguration section */
		2760BC5D1C51134A00B1DBDE /* Debug */ = {
			isa = XCBuildConfiguration;
			buildSettings = {
				ALWAYS_SEARCH_USER_PATHS = NO;
				CLANG_CXX_LANGUAGE_STANDARD = "gnu++0x";
				CLANG_CXX_LIBRARY = "libc++";
				CLANG_ENABLE_MODULES = YES;
				CLANG_ENABLE_OBJC_ARC = YES;
				CLANG_WARN_BOOL_CONVERSION = YES;
				CLANG_WARN_CONSTANT_CONVERSION = YES;
				CLANG_WARN_DIRECT_OBJC_ISA_USAGE = YES_ERROR;
				CLANG_WARN_EMPTY_BODY = YES;
				CLANG_WARN_ENUM_CONVERSION = YES;
				CLANG_WARN_INT_CONVERSION = YES;
				CLANG_WARN_OBJC_ROOT_CLASS = YES_ERROR;
				CLANG_WARN_UNREACHABLE_CODE = YES;
				CLANG_WARN__DUPLICATE_METHOD_MATCH = YES;
				"CODE_SIGN_IDENTITY[sdk=iphoneos*]" = "iPhone Developer";
				COPY_PHASE_STRIP = NO;
				DEBUG_INFORMATION_FORMAT = dwarf;
				ENABLE_STRICT_OBJC_MSGSEND = YES;
				ENABLE_TESTABILITY = YES;
				GCC_C_LANGUAGE_STANDARD = gnu99;
				GCC_DYNAMIC_NO_PIC = NO;
				GCC_NO_COMMON_BLOCKS = YES;
				GCC_OPTIMIZATION_LEVEL = 0;
				GCC_PREPROCESSOR_DEFINITIONS = (
					"DEBUG=1",
					"$(inherited)",
				);
				GCC_WARN_64_TO_32_BIT_CONVERSION = YES;
				GCC_WARN_ABOUT_RETURN_TYPE = YES_ERROR;
				GCC_WARN_UNDECLARED_SELECTOR = YES;
				GCC_WARN_UNINITIALIZED_AUTOS = YES_AGGRESSIVE;
				GCC_WARN_UNUSED_FUNCTION = YES;
				GCC_WARN_UNUSED_VARIABLE = YES;
				IPHONEOS_DEPLOYMENT_TARGET = 8.1;
				MTL_ENABLE_DEBUG_INFO = YES;
				ONLY_ACTIVE_ARCH = YES;
				PRODUCT_NAME = Shapes;
				SDKROOT = iphoneos;
				TARGETED_DEVICE_FAMILY = "1,2";
			};
			name = Debug;
		};
		2760BC5E1C51134A00B1DBDE /* Release */ = {
			isa = XCBuildConfiguration;
			buildSettings = {
				ALWAYS_SEARCH_USER_PATHS = NO;
				CLANG_CXX_LANGUAGE_STANDARD = "gnu++0x";
				CLANG_CXX_LIBRARY = "libc++";
				CLANG_ENABLE_MODULES = YES;
				CLANG_ENABLE_OBJC_ARC = YES;
				CLANG_WARN_BOOL_CONVERSION = YES;
				CLANG_WARN_CONSTANT_CONVERSION = YES;
				CLANG_WARN_DIRECT_OBJC_ISA_USAGE = YES_ERROR;
				CLANG_WARN_EMPTY_BODY = YES;
				CLANG_WARN_ENUM_CONVERSION = YES;
				CLANG_WARN_INT_CONVERSION = YES;
				CLANG_WARN_OBJC_ROOT_CLASS = YES_ERROR;
				CLANG_WARN_UNREACHABLE_CODE = YES;
				CLANG_WARN__DUPLICATE_METHOD_MATCH = YES;
				"CODE_SIGN_IDENTITY[sdk=iphoneos*]" = "iPhone Developer";
				COPY_PHASE_STRIP = NO;
				DEBUG_INFORMATION_FORMAT = "dwarf-with-dsym";
				ENABLE_NS_ASSERTIONS = NO;
				ENABLE_STRICT_OBJC_MSGSEND = YES;
				GCC_C_LANGUAGE_STANDARD = gnu99;
				GCC_NO_COMMON_BLOCKS = YES;
				GCC_WARN_64_TO_32_BIT_CONVERSION = YES;
				GCC_WARN_ABOUT_RETURN_TYPE = YES_ERROR;
				GCC_WARN_UNDECLARED_SELECTOR = YES;
				GCC_WARN_UNINITIALIZED_AUTOS = YES_AGGRESSIVE;
				GCC_WARN_UNUSED_FUNCTION = YES;
				GCC_WARN_UNUSED_VARIABLE = YES;
				IPHONEOS_DEPLOYMENT_TARGET = 8.1;
				MTL_ENABLE_DEBUG_INFO = NO;
				PRODUCT_NAME = Shapes;
				SDKROOT = iphoneos;
				TARGETED_DEVICE_FAMILY = "1,2";
				VALIDATE_PRODUCT = YES;
			};
			name = Release;
		};
		2760BC601C51134A00B1DBDE /* Debug */ = {
			isa = XCBuildConfiguration;
			buildSettings = {
				ASSETCATALOG_COMPILER_APPICON_NAME = AppIcon;
				CODE_SIGN_IDENTITY = "iPhone Developer";
				INFOPLIST_FILE = ShapeGame/Info.plist;
				LD_RUNPATH_SEARCH_PATHS = "$(inherited) @executable_path/Frameworks";
				PRODUCT_BUNDLE_IDENTIFIER = com.aj.shapegame;
				PRODUCT_NAME = "$(TARGET_NAME)";
				TARGETED_DEVICE_FAMILY = "1,2";
			};
			name = Debug;
		};
		2760BC611C51134A00B1DBDE /* Release */ = {
			isa = XCBuildConfiguration;
			buildSettings = {
				ASSETCATALOG_COMPILER_APPICON_NAME = AppIcon;
				CODE_SIGN_IDENTITY = "iPhone Developer";
				INFOPLIST_FILE = ShapeGame/Info.plist;
				LD_RUNPATH_SEARCH_PATHS = "$(inherited) @executable_path/Frameworks";
				PRODUCT_BUNDLE_IDENTIFIER = com.aj.shapegame;
				PRODUCT_NAME = "$(TARGET_NAME)";
				TARGETED_DEVICE_FAMILY = "1,2";
			};
			name = Release;
		};
/* End XCBuildConfiguration section */

/* Begin XCConfigurationList section */
		2760BC431C51134A00B1DBDE /* Build configuration list for PBXProject "ShapeGame" */ = {
			isa = XCConfigurationList;
			buildConfigurations = (
				2760BC5D1C51134A00B1DBDE /* Debug */,
				2760BC5E1C51134A00B1DBDE /* Release */,
			);
			defaultConfigurationIsVisible = 0;
			defaultConfigurationName = Release;
		};
		2760BC5F1C51134A00B1DBDE /* Build configuration list for PBXNativeTarget "ShapeGame" */ = {
			isa = XCConfigurationList;
			buildConfigurations = (
				2760BC601C51134A00B1DBDE /* Debug */,
				2760BC611C51134A00B1DBDE /* Release */,
			);
			defaultConfigurationIsVisible = 0;
			defaultConfigurationName = Release;
		};
/* End XCConfigurationList section */
	};
	rootObject = 2760BC401C51134A00B1DBDE /* Project object */;
}
